
Microsoft Visual Studio Solution File, Format Version 12.00
Project("{FAE04EC0-301F-11D3-BF4B-00C04F79EFBC}") = "ProjectEstimator.Api", "ProjectEstimator.Api.csproj", "{A497D683-73E2-45E4-BA1C-853959719153}"
EndProject
Global
	GlobalSection(SolutionConfigurationPlatforms) = preSolution
		Debug|Any CPU = Debug|Any CPU
		Release|Any CPU = Release|Any CPU
	EndGlobalSection
	GlobalSection(ProjectConfigurationPlatforms) = postSolution
		{A497D683-73E2-45E4-BA1C-853959719153}.Debug|Any CPU.ActiveCfg = Debug|Any CPU
		{A497D683-73E2-45E4-BA1C-853959719153}.Debug|Any CPU.Build.0 = Debug|Any CPU
		{A497D683-73E2-45E4-BA1C-853959719153}.Release|Any CPU.ActiveCfg = Release|Any CPU
		{A497D683-73E2-45E4-BA1C-853959719153}.Release|Any CPU.Build.0 = Release|Any CPU
	EndGlobalSection
EndGlobal
